
Microsoft Visual Studio Solution File, Format Version 12.00
Project("{FAE04EC0-301F-11D3-BF4B-00C04F79EFBC}") = "gameworld", "gameworld\gameworld.csproj", "{ED790006-53E8-4C55-908E-9194A6398F3B}"
EndProject
Global
	GlobalSection(SolutionConfigurationPlatforms) = preSolution
		Debug|Any CPU = Debug|Any CPU
		Release|Any CPU = Release|Any CPU
	EndGlobalSection
	GlobalSection(ProjectConfigurationPlatforms) = postSolution
		{ED790006-53E8-4C55-908E-9194A6398F3B}.Debug|Any CPU.ActiveCfg = Debug|Any CPU
		{ED790006-53E8-4C55-908E-9194A6398F3B}.Debug|Any CPU.Build.0 = Debug|Any CPU
		{ED790006-53E8-4C55-908E-9194A6398F3B}.Release|Any CPU.ActiveCfg = Release|Any CPU
		{ED790006-53E8-4C55-908E-9194A6398F3B}.Release|Any CPU.Build.0 = Release|Any CPU
	EndGlobalSection
EndGlobal
